
Microsoft Visual Studio Solution File, Format Version 12.00
# Visual Studio Version 16
VisualStudioVersion = 25.0.1703.5
MinimumVisualStudioVersion = 10.0.40219.1
Project("{FAE04EC0-301F-11D3-BF4B-00C04F79EFBC}") = "ConsoleTriangle", "ConsoleTriangle\ConsoleTriangle.csproj", "{7BC9DB3E-FC27-49B9-93CC-0D012F34ECD8}"
EndProject
Project("{FAE04EC0-301F-11D3-BF4B-00C04F79EFBC}") = "Triangle", "Triangle\Triangle.csproj", "{A147A160-F4D8-4E4D-9C7B-DB595FEC8E7C}"
EndProject
Global
	GlobalSection(SolutionConfigurationPlatforms) = preSolution
		Debug|Any CPU = Debug|Any CPU
		Release|Any CPU = Release|Any CPU
	EndGlobalSection
	GlobalSection(ProjectConfigurationPlatforms) = postSolution
		{7BC9DB3E-FC27-49B9-93CC-0D012F34ECD8}.Debug|Any CPU.ActiveCfg = Debug|Any CPU
		{7BC9DB3E-FC27-49B9-93CC-0D012F34ECD8}.Debug|Any CPU.Build.0 = Debug|Any CPU
		{7BC9DB3E-FC27-49B9-93CC-0D012F34ECD8}.Release|Any CPU.ActiveCfg = Release|Any CPU
		{7BC9DB3E-FC27-49B9-93CC-0D012F34ECD8}.Release|Any CPU.Build.0 = Release|Any CPU
		{A147A160-F4D8-4E4D-9C7B-DB595FEC8E7C}.Debug|Any CPU.ActiveCfg = Debug|Any CPU
		{A147A160-F4D8-4E4D-9C7B-DB595FEC8E7C}.Debug|Any CPU.Build.0 = Debug|Any CPU
		{A147A160-F4D8-4E4D-9C7B-DB595FEC8E7C}.Release|Any CPU.ActiveCfg = Release|Any CPU
		{A147A160-F4D8-4E4D-9C7B-DB595FEC8E7C}.Release|Any CPU.Build.0 = Release|Any CPU
	EndGlobalSection
	GlobalSection(SolutionProperties) = preSolution
		HideSolutionNode = FALSE
	EndGlobalSection
	GlobalSection(ExtensibilityGlobals) = postSolution
		SolutionGuid = {D4EF871A-638E-4B06-8E6B-3DDDA9A0B5EE}
	EndGlobalSection
EndGlobal
